
Microsoft Visual Studio Solution File, Format Version 12.00
# Visual Studio Version 17
VisualStudioVersion = 17.0.31903.59
MinimumVisualStudioVersion = 10.0.40219.1
Project("{2150E333-8FDC-42A3-9474-1A3956D46DE8}") = "backend", "backend", "{89C5167A-0FDD-4037-B35F-E9E12BACD058}"
EndProject
Project("{FAE04EC0-301F-11D3-BF4B-00C04F79EFBC}") = "AsasKit.Domain", "backend\AsasKit.Domain\AsasKit.Domain.csproj", "{91ED2070-4080-409B-BE5D-3E87494ED74E}"
EndProject
Project("{FAE04EC0-301F-11D3-BF4B-00C04F79EFBC}") = "AsasKit.Application", "backend\AsasKit.Application\AsasKit.Application.csproj", "{7EEE3E64-FFFC-41A1-B32F-C0AD626E680B}"
EndProject
Project("{FAE04EC0-301F-11D3-BF4B-00C04F79EFBC}") = "AsasKit.Infrastructure", "backend\AsasKit.Infrastructure\AsasKit.Infrastructure.csproj", "{1E2B832F-0A4A-4712-841A-BA4BDB9BBFAE}"
EndProject
Project("{FAE04EC0-301F-11D3-BF4B-00C04F79EFBC}") = "AsasKit.Api", "backend\AsasKit.Api\AsasKit.Api.csproj", "{B5AAC411-15E7-42FD-B950-4454FA9C2975}"
EndProject
Project("{FAE04EC0-301F-11D3-BF4B-00C04F79EFBC}") = "AsasKit.Shared", "backend\AsasKit.Shared\AsasKit.Shared.csproj", "{0FC3C526-E594-4593-9B4F-761DFE9F80DC}"
EndProject
Project("{2150E333-8FDC-42A3-9474-1A3956D46DE8}") = "tools", "tools", "{07C2787E-EAC7-C090-1BA3-A61EC2A24D84}"
EndProject
Project("{FAE04EC0-301F-11D3-BF4B-00C04F79EFBC}") = "AsasKit.Cli", "tools\AsasKit.Cli\AsasKit.Cli.csproj", "{D95E43F1-619D-4363-A272-AD9C9C9028B2}"
EndProject
Project("{2150E333-8FDC-42A3-9474-1A3956D46DE8}") = "Modules", "Modules", "{02EA681E-C7D8-13C7-8484-4AC65E1B71E8}"
EndProject
Project("{2150E333-8FDC-42A3-9474-1A3956D46DE8}") = "Identity", "Identity", "{6CC7C9C4-F709-9CA6-F0A4-F7A96F19CC1E}"
EndProject
Project("{FAE04EC0-301F-11D3-BF4B-00C04F79EFBC}") = "AsasKit.Modules.Identity.Contracts", "Modules\Identity\AsasKit.Modules.Identity.Contracts\AsasKit.Modules.Identity.Contracts.csproj", "{E2A7C134-4365-4FAF-A7D1-D7EE8A23BD7E}"
EndProject
Project("{FAE04EC0-301F-11D3-BF4B-00C04F79EFBC}") = "AsasKit.Modules.Identity", "Modules\Identity\AsasKit.Modules.Identity\AsasKit.Modules.Identity.csproj", "{78987B6A-3C34-4136-A0C3-B7BD37386A69}"
EndProject
Project("{FAE04EC0-301F-11D3-BF4B-00C04F79EFBC}") = "Kernel", "Kernel\Kernel.csproj", "{C6031AB0-F5E7-4711-951E-E5FA87393006}"
EndProject
Project("{2150E333-8FDC-42A3-9474-1A3956D46DE8}") = "Core", "Core", "{02E62444-CDE4-43C4-B52A-058FD971A226}"
EndProject
Project("{FAE04EC0-301F-11D3-BF4B-00C04F79EFBC}") = "AsasKit.Core", "Modules\Core\AsasKit.Core\AsasKit.Core.csproj", "{5503EF3A-AEEA-4C59-8B2C-53801374EBCB}"
EndProject
Project("{2150E333-8FDC-42A3-9474-1A3956D46DE8}") = "kit", "kit", "{F9D8FD7B-36F4-20C1-58E3-AE4A651E9E1B}"
EndProject
Project("{FAE04EC0-301F-11D3-BF4B-00C04F79EFBC}") = "AsasKit.Shared", "kit\AsasKit.Shared\AsasKit.Shared.csproj", "{CABB4A97-6892-46E1-86E5-F210206A3F1C}"
EndProject
Global
	GlobalSection(SolutionConfigurationPlatforms) = preSolution
		Debug|Any CPU = Debug|Any CPU
		Debug|x64 = Debug|x64
		Debug|x86 = Debug|x86
		Release|Any CPU = Release|Any CPU
		Release|x64 = Release|x64
		Release|x86 = Release|x86
	EndGlobalSection
	GlobalSection(ProjectConfigurationPlatforms) = postSolution
		{91ED2070-4080-409B-BE5D-3E87494ED74E}.Debug|Any CPU.ActiveCfg = Debug|Any CPU
		{91ED2070-4080-409B-BE5D-3E87494ED74E}.Debug|Any CPU.Build.0 = Debug|Any CPU
		{91ED2070-4080-409B-BE5D-3E87494ED74E}.Debug|x64.ActiveCfg = Debug|Any CPU
		{91ED2070-4080-409B-BE5D-3E87494ED74E}.Debug|x64.Build.0 = Debug|Any CPU
		{91ED2070-4080-409B-BE5D-3E87494ED74E}.Debug|x86.ActiveCfg = Debug|Any CPU
		{91ED2070-4080-409B-BE5D-3E87494ED74E}.Debug|x86.Build.0 = Debug|Any CPU
		{91ED2070-4080-409B-BE5D-3E87494ED74E}.Release|Any CPU.ActiveCfg = Release|Any CPU
		{91ED2070-4080-409B-BE5D-3E87494ED74E}.Release|Any CPU.Build.0 = Release|Any CPU
		{91ED2070-4080-409B-BE5D-3E87494ED74E}.Release|x64.ActiveCfg = Release|Any CPU
		{91ED2070-4080-409B-BE5D-3E87494ED74E}.Release|x64.Build.0 = Release|Any CPU
		{91ED2070-4080-409B-BE5D-3E87494ED74E}.Release|x86.ActiveCfg = Release|Any CPU
		{91ED2070-4080-409B-BE5D-3E87494ED74E}.Release|x86.Build.0 = Release|Any CPU
		{7EEE3E64-FFFC-41A1-B32F-C0AD626E680B}.Debug|Any CPU.ActiveCfg = Debug|Any CPU
		{7EEE3E64-FFFC-41A1-B32F-C0AD626E680B}.Debug|Any CPU.Build.0 = Debug|Any CPU
		{7EEE3E64-FFFC-41A1-B32F-C0AD626E680B}.Debug|x64.ActiveCfg = Debug|Any CPU
		{7EEE3E64-FFFC-41A1-B32F-C0AD626E680B}.Debug|x64.Build.0 = Debug|Any CPU
		{7EEE3E64-FFFC-41A1-B32F-C0AD626E680B}.Debug|x86.ActiveCfg = Debug|Any CPU
		{7EEE3E64-FFFC-41A1-B32F-C0AD626E680B}.Debug|x86.Build.0 = Debug|Any CPU
		{7EEE3E64-FFFC-41A1-B32F-C0AD626E680B}.Release|Any CPU.ActiveCfg = Release|Any CPU
		{7EEE3E64-FFFC-41A1-B32F-C0AD626E680B}.Release|Any CPU.Build.0 = Release|Any CPU
		{7EEE3E64-FFFC-41A1-B32F-C0AD626E680B}.Release|x64.ActiveCfg = Release|Any CPU
		{7EEE3E64-FFFC-41A1-B32F-C0AD626E680B}.Release|x64.Build.0 = Release|Any CPU
		{7EEE3E64-FFFC-41A1-B32F-C0AD626E680B}.Release|x86.ActiveCfg = Release|Any CPU
		{7EEE3E64-FFFC-41A1-B32F-C0AD626E680B}.Release|x86.Build.0 = Release|Any CPU
		{1E2B832F-0A4A-4712-841A-BA4BDB9BBFAE}.Debug|Any CPU.ActiveCfg = Debug|Any CPU
		{1E2B832F-0A4A-4712-841A-BA4BDB9BBFAE}.Debug|Any CPU.Build.0 = Debug|Any CPU
		{1E2B832F-0A4A-4712-841A-BA4BDB9BBFAE}.Debug|x64.ActiveCfg = Debug|Any CPU
		{1E2B832F-0A4A-4712-841A-BA4BDB9BBFAE}.Debug|x64.Build.0 = Debug|Any CPU
		{1E2B832F-0A4A-4712-841A-BA4BDB9BBFAE}.Debug|x86.ActiveCfg = Debug|Any CPU
		{1E2B832F-0A4A-4712-841A-BA4BDB9BBFAE}.Debug|x86.Build.0 = Debug|Any CPU
		{1E2B832F-0A4A-4712-841A-BA4BDB9BBFAE}.Release|Any CPU.ActiveCfg = Release|Any CPU
		{1E2B832F-0A4A-4712-841A-BA4BDB9BBFAE}.Release|Any CPU.Build.0 = Release|Any CPU
		{1E2B832F-0A4A-4712-841A-BA4BDB9BBFAE}.Release|x64.ActiveCfg = Release|Any CPU
		{1E2B832F-0A4A-4712-841A-BA4BDB9BBFAE}.Release|x64.Build.0 = Release|Any CPU
		{1E2B832F-0A4A-4712-841A-BA4BDB9BBFAE}.Release|x86.ActiveCfg = Release|Any CPU
		{1E2B832F-0A4A-4712-841A-BA4BDB9BBFAE}.Release|x86.Build.0 = Release|Any CPU
		{B5AAC411-15E7-42FD-B950-4454FA9C2975}.Debug|Any CPU.ActiveCfg = Debug|Any CPU
		{B5AAC411-15E7-42FD-B950-4454FA9C2975}.Debug|Any CPU.Build.0 = Debug|Any CPU
		{B5AAC411-15E7-42FD-B950-4454FA9C2975}.Debug|x64.ActiveCfg = Debug|Any CPU
		{B5AAC411-15E7-42FD-B950-4454FA9C2975}.Debug|x64.Build.0 = Debug|Any CPU
		{B5AAC411-15E7-42FD-B950-4454FA9C2975}.Debug|x86.ActiveCfg = Debug|Any CPU
		{B5AAC411-15E7-42FD-B950-4454FA9C2975}.Debug|x86.Build.0 = Debug|Any CPU
		{B5AAC411-15E7-42FD-B950-4454FA9C2975}.Release|Any CPU.ActiveCfg = Release|Any CPU
		{B5AAC411-15E7-42FD-B950-4454FA9C2975}.Release|Any CPU.Build.0 = Release|Any CPU
		{B5AAC411-15E7-42FD-B950-4454FA9C2975}.Release|x64.ActiveCfg = Release|Any CPU
		{B5AAC411-15E7-42FD-B950-4454FA9C2975}.Release|x64.Build.0 = Release|Any CPU
		{B5AAC411-15E7-42FD-B950-4454FA9C2975}.Release|x86.ActiveCfg = Release|Any CPU
		{B5AAC411-15E7-42FD-B950-4454FA9C2975}.Release|x86.Build.0 = Release|Any CPU
		{0FC3C526-E594-4593-9B4F-761DFE9F80DC}.Debug|Any CPU.ActiveCfg = Debug|Any CPU
		{0FC3C526-E594-4593-9B4F-761DFE9F80DC}.Debug|Any CPU.Build.0 = Debug|Any CPU
		{0FC3C526-E594-4593-9B4F-761DFE9F80DC}.Debug|x64.ActiveCfg = Debug|Any CPU
		{0FC3C526-E594-4593-9B4F-761DFE9F80DC}.Debug|x64.Build.0 = Debug|Any CPU
		{0FC3C526-E594-4593-9B4F-761DFE9F80DC}.Debug|x86.ActiveCfg = Debug|Any CPU
		{0FC3C526-E594-4593-9B4F-761DFE9F80DC}.Debug|x86.Build.0 = Debug|Any CPU
		{0FC3C526-E594-4593-9B4F-761DFE9F80DC}.Release|Any CPU.ActiveCfg = Release|Any CPU
		{0FC3C526-E594-4593-9B4F-761DFE9F80DC}.Release|Any CPU.Build.0 = Release|Any CPU
		{0FC3C526-E594-4593-9B4F-761DFE9F80DC}.Release|x64.ActiveCfg = Release|Any CPU
		{0FC3C526-E594-4593-9B4F-761DFE9F80DC}.Release|x64.Build.0 = Release|Any CPU
		{0FC3C526-E594-4593-9B4F-761DFE9F80DC}.Release|x86.ActiveCfg = Release|Any CPU
		{0FC3C526-E594-4593-9B4F-761DFE9F80DC}.Release|x86.Build.0 = Release|Any CPU
		{D95E43F1-619D-4363-A272-AD9C9C9028B2}.Debug|Any CPU.ActiveCfg = Debug|Any CPU
		{D95E43F1-619D-4363-A272-AD9C9C9028B2}.Debug|Any CPU.Build.0 = Debug|Any CPU
		{D95E43F1-619D-4363-A272-AD9C9C9028B2}.Debug|x64.ActiveCfg = Debug|Any CPU
		{D95E43F1-619D-4363-A272-AD9C9C9028B2}.Debug|x64.Build.0 = Debug|Any CPU
		{D95E43F1-619D-4363-A272-AD9C9C9028B2}.Debug|x86.ActiveCfg = Debug|Any CPU
		{D95E43F1-619D-4363-A272-AD9C9C9028B2}.Debug|x86.Build.0 = Debug|Any CPU
		{D95E43F1-619D-4363-A272-AD9C9C9028B2}.Release|Any CPU.ActiveCfg = Release|Any CPU
		{D95E43F1-619D-4363-A272-AD9C9C9028B2}.Release|Any CPU.Build.0 = Release|Any CPU
		{D95E43F1-619D-4363-A272-AD9C9C9028B2}.Release|x64.ActiveCfg = Release|Any CPU
		{D95E43F1-619D-4363-A272-AD9C9C9028B2}.Release|x64.Build.0 = Release|Any CPU
		{D95E43F1-619D-4363-A272-AD9C9C9028B2}.Release|x86.ActiveCfg = Release|Any CPU
		{D95E43F1-619D-4363-A272-AD9C9C9028B2}.Release|x86.Build.0 = Release|Any CPU
		{E2A7C134-4365-4FAF-A7D1-D7EE8A23BD7E}.Debug|Any CPU.ActiveCfg = Debug|Any CPU
		{E2A7C134-4365-4FAF-A7D1-D7EE8A23BD7E}.Debug|Any CPU.Build.0 = Debug|Any CPU
		{E2A7C134-4365-4FAF-A7D1-D7EE8A23BD7E}.Debug|x64.ActiveCfg = Debug|Any CPU
		{E2A7C134-4365-4FAF-A7D1-D7EE8A23BD7E}.Debug|x64.Build.0 = Debug|Any CPU
		{E2A7C134-4365-4FAF-A7D1-D7EE8A23BD7E}.Debug|x86.ActiveCfg = Debug|Any CPU
		{E2A7C134-4365-4FAF-A7D1-D7EE8A23BD7E}.Debug|x86.Build.0 = Debug|Any CPU
		{E2A7C134-4365-4FAF-A7D1-D7EE8A23BD7E}.Release|Any CPU.ActiveCfg = Release|Any CPU
		{E2A7C134-4365-4FAF-A7D1-D7EE8A23BD7E}.Release|Any CPU.Build.0 = Release|Any CPU
		{E2A7C134-4365-4FAF-A7D1-D7EE8A23BD7E}.Release|x64.ActiveCfg = Release|Any CPU
		{E2A7C134-4365-4FAF-A7D1-D7EE8A23BD7E}.Release|x64.Build.0 = Release|Any CPU
		{E2A7C134-4365-4FAF-A7D1-D7EE8A23BD7E}.Release|x86.ActiveCfg = Release|Any CPU
		{E2A7C134-4365-4FAF-A7D1-D7EE8A23BD7E}.Release|x86.Build.0 = Release|Any CPU
		{78987B6A-3C34-4136-A0C3-B7BD37386A69}.Debug|Any CPU.ActiveCfg = Debug|Any CPU
		{78987B6A-3C34-4136-A0C3-B7BD37386A69}.Debug|Any CPU.Build.0 = Debug|Any CPU
		{78987B6A-3C34-4136-A0C3-B7BD37386A69}.Debug|x64.ActiveCfg = Debug|Any CPU
		{78987B6A-3C34-4136-A0C3-B7BD37386A69}.Debug|x64.Build.0 = Debug|Any CPU
		{78987B6A-3C34-4136-A0C3-B7BD37386A69}.Debug|x86.ActiveCfg = Debug|Any CPU
		{78987B6A-3C34-4136-A0C3-B7BD37386A69}.Debug|x86.Build.0 = Debug|Any CPU
		{78987B6A-3C34-4136-A0C3-B7BD37386A69}.Release|Any CPU.ActiveCfg = Release|Any CPU
		{78987B6A-3C34-4136-A0C3-B7BD37386A69}.Release|Any CPU.Build.0 = Release|Any CPU
		{78987B6A-3C34-4136-A0C3-B7BD37386A69}.Release|x64.ActiveCfg = Release|Any CPU
		{78987B6A-3C34-4136-A0C3-B7BD37386A69}.Release|x64.Build.0 = Release|Any CPU
		{78987B6A-3C34-4136-A0C3-B7BD37386A69}.Release|x86.ActiveCfg = Release|Any CPU
		{78987B6A-3C34-4136-A0C3-B7BD37386A69}.Release|x86.Build.0 = Release|Any CPU
		{C6031AB0-F5E7-4711-951E-E5FA87393006}.Debug|Any CPU.ActiveCfg = Debug|Any CPU
		{C6031AB0-F5E7-4711-951E-E5FA87393006}.Debug|Any CPU.Build.0 = Debug|Any CPU
		{C6031AB0-F5E7-4711-951E-E5FA87393006}.Debug|x64.ActiveCfg = Debug|Any CPU
		{C6031AB0-F5E7-4711-951E-E5FA87393006}.Debug|x64.Build.0 = Debug|Any CPU
		{C6031AB0-F5E7-4711-951E-E5FA87393006}.Debug|x86.ActiveCfg = Debug|Any CPU
		{C6031AB0-F5E7-4711-951E-E5FA87393006}.Debug|x86.Build.0 = Debug|Any CPU
		{C6031AB0-F5E7-4711-951E-E5FA87393006}.Release|Any CPU.ActiveCfg = Release|Any CPU
		{C6031AB0-F5E7-4711-951E-E5FA87393006}.Release|Any CPU.Build.0 = Release|Any CPU
		{C6031AB0-F5E7-4711-951E-E5FA87393006}.Release|x64.ActiveCfg = Release|Any CPU
		{C6031AB0-F5E7-4711-951E-E5FA87393006}.Release|x64.Build.0 = Release|Any CPU
		{C6031AB0-F5E7-4711-951E-E5FA87393006}.Release|x86.ActiveCfg = Release|Any CPU
		{C6031AB0-F5E7-4711-951E-E5FA87393006}.Release|x86.Build.0 = Release|Any CPU
		{5503EF3A-AEEA-4C59-8B2C-53801374EBCB}.Debug|Any CPU.ActiveCfg = Debug|Any CPU
		{5503EF3A-AEEA-4C59-8B2C-53801374EBCB}.Debug|Any CPU.Build.0 = Debug|Any CPU
		{5503EF3A-AEEA-4C59-8B2C-53801374EBCB}.Debug|x64.ActiveCfg = Debug|Any CPU
		{5503EF3A-AEEA-4C59-8B2C-53801374EBCB}.Debug|x64.Build.0 = Debug|Any CPU
		{5503EF3A-AEEA-4C59-8B2C-53801374EBCB}.Debug|x86.ActiveCfg = Debug|Any CPU
		{5503EF3A-AEEA-4C59-8B2C-53801374EBCB}.Debug|x86.Build.0 = Debug|Any CPU
		{5503EF3A-AEEA-4C59-8B2C-53801374EBCB}.Release|Any CPU.ActiveCfg = Release|Any CPU
		{5503EF3A-AEEA-4C59-8B2C-53801374EBCB}.Release|Any CPU.Build.0 = Release|Any CPU
		{5503EF3A-AEEA-4C59-8B2C-53801374EBCB}.Release|x64.ActiveCfg = Release|Any CPU
		{5503EF3A-AEEA-4C59-8B2C-53801374EBCB}.Release|x64.Build.0 = Release|Any CPU
		{5503EF3A-AEEA-4C59-8B2C-53801374EBCB}.Release|x86.ActiveCfg = Release|Any CPU
		{5503EF3A-AEEA-4C59-8B2C-53801374EBCB}.Release|x86.Build.0 = Release|Any CPU
		{CABB4A97-6892-46E1-86E5-F210206A3F1C}.Debug|Any CPU.ActiveCfg = Debug|Any CPU
		{CABB4A97-6892-46E1-86E5-F210206A3F1C}.Debug|Any CPU.Build.0 = Debug|Any CPU
		{CABB4A97-6892-46E1-86E5-F210206A3F1C}.Debug|x64.ActiveCfg = Debug|Any CPU
		{CABB4A97-6892-46E1-86E5-F210206A3F1C}.Debug|x64.Build.0 = Debug|Any CPU
		{CABB4A97-6892-46E1-86E5-F210206A3F1C}.Debug|x86.ActiveCfg = Debug|Any CPU
		{CABB4A97-6892-46E1-86E5-F210206A3F1C}.Debug|x86.Build.0 = Debug|Any CPU
		{CABB4A97-6892-46E1-86E5-F210206A3F1C}.Release|Any CPU.ActiveCfg = Release|Any CPU
		{CABB4A97-6892-46E1-86E5-F210206A3F1C}.Release|Any CPU.Build.0 = Release|Any CPU
		{CABB4A97-6892-46E1-86E5-F210206A3F1C}.Release|x64.ActiveCfg = Release|Any CPU
		{CABB4A97-6892-46E1-86E5-F210206A3F1C}.Release|x64.Build.0 = Release|Any CPU
		{CABB4A97-6892-46E1-86E5-F210206A3F1C}.Release|x86.ActiveCfg = Release|Any CPU
		{CABB4A97-6892-46E1-86E5-F210206A3F1C}.Release|x86.Build.0 = Release|Any CPU
	EndGlobalSection
	GlobalSection(SolutionProperties) = preSolution
		HideSolutionNode = FALSE
	EndGlobalSection
	GlobalSection(NestedProjects) = preSolution
		{91ED2070-4080-409B-BE5D-3E87494ED74E} = {89C5167A-0FDD-4037-B35F-E9E12BACD058}
		{7EEE3E64-FFFC-41A1-B32F-C0AD626E680B} = {89C5167A-0FDD-4037-B35F-E9E12BACD058}
		{1E2B832F-0A4A-4712-841A-BA4BDB9BBFAE} = {89C5167A-0FDD-4037-B35F-E9E12BACD058}
		{B5AAC411-15E7-42FD-B950-4454FA9C2975} = {89C5167A-0FDD-4037-B35F-E9E12BACD058}
		{0FC3C526-E594-4593-9B4F-761DFE9F80DC} = {89C5167A-0FDD-4037-B35F-E9E12BACD058}
		{D95E43F1-619D-4363-A272-AD9C9C9028B2} = {07C2787E-EAC7-C090-1BA3-A61EC2A24D84}
		{6CC7C9C4-F709-9CA6-F0A4-F7A96F19CC1E} = {02EA681E-C7D8-13C7-8484-4AC65E1B71E8}
		{E2A7C134-4365-4FAF-A7D1-D7EE8A23BD7E} = {6CC7C9C4-F709-9CA6-F0A4-F7A96F19CC1E}
		{78987B6A-3C34-4136-A0C3-B7BD37386A69} = {6CC7C9C4-F709-9CA6-F0A4-F7A96F19CC1E}
		{C6031AB0-F5E7-4711-951E-E5FA87393006} = {02EA681E-C7D8-13C7-8484-4AC65E1B71E8}
		{02E62444-CDE4-43C4-B52A-058FD971A226} = {02EA681E-C7D8-13C7-8484-4AC65E1B71E8}
		{5503EF3A-AEEA-4C59-8B2C-53801374EBCB} = {02E62444-CDE4-43C4-B52A-058FD971A226}
		{CABB4A97-6892-46E1-86E5-F210206A3F1C} = {F9D8FD7B-36F4-20C1-58E3-AE4A651E9E1B}
	EndGlobalSection
	GlobalSection(ExtensibilityGlobals) = postSolution
		SolutionGuid = {A9C27C43-9D8B-4473-B8D6-C801A02C3E57}
	EndGlobalSection
EndGlobal
